
Microsoft Visual Studio Solution File, Format Version 12.00
# Visual Studio Version 16
VisualStudioVersion = 16.0.30804.86
MinimumVisualStudioVersion = 10.0.40219.1
Project("{2150E333-8FDC-42A3-9474-1A3956D46DE8}") = "Documentation", "Documentation", "{72148B83-214D-4412-98CA-91DCA29E39D1}"
	ProjectSection(SolutionItems) = preProject
		README.md = README.md
	EndProjectSection
EndProject
Project("{2150E333-8FDC-42A3-9474-1A3956D46DE8}") = "Source", "Source", "{7B3A5604-C5DB-4AF0-9021-E69152E4D1A3}"
EndProject
Project("{2150E333-8FDC-42A3-9474-1A3956D46DE8}") = "Tests", "Tests", "{6431AFE0-4AE9-4A09-89C4-BC2A69A662C3}"
	ProjectSection(SolutionItems) = preProject
		Tests\ToBeDone.txt.txt = Tests\ToBeDone.txt.txt
	EndProjectSection
EndProject
Project("{2150E333-8FDC-42A3-9474-1A3956D46DE8}") = "Solution Items", "Solution Items", "{A8875539-1811-4E9F-AFDD-FEFC28B049C7}"
	ProjectSection(SolutionItems) = preProject
		.gitignore = .gitignore
	EndProjectSection
EndProject
Project("{FAE04EC0-301F-11D3-BF4B-00C04F79EFBC}") = "College.WebAPI", "Source\College.WebAPI\College.WebAPI.csproj", "{7FCF6D9A-CD35-4339-B1AF-7818AD591CB4}"
EndProject
Global
	GlobalSection(SolutionConfigurationPlatforms) = preSolution
		Debug|Any CPU = Debug|Any CPU
		Release|Any CPU = Release|Any CPU
	EndGlobalSection
	GlobalSection(ProjectConfigurationPlatforms) = postSolution
		{7FCF6D9A-CD35-4339-B1AF-7818AD591CB4}.Debug|Any CPU.ActiveCfg = Debug|Any CPU
		{7FCF6D9A-CD35-4339-B1AF-7818AD591CB4}.Debug|Any CPU.Build.0 = Debug|Any CPU
		{7FCF6D9A-CD35-4339-B1AF-7818AD591CB4}.Release|Any CPU.ActiveCfg = Release|Any CPU
		{7FCF6D9A-CD35-4339-B1AF-7818AD591CB4}.Release|Any CPU.Build.0 = Release|Any CPU
	EndGlobalSection
	GlobalSection(SolutionProperties) = preSolution
		HideSolutionNode = FALSE
	EndGlobalSection
	GlobalSection(NestedProjects) = preSolution
		{7FCF6D9A-CD35-4339-B1AF-7818AD591CB4} = {7B3A5604-C5DB-4AF0-9021-E69152E4D1A3}
	EndGlobalSection
	GlobalSection(ExtensibilityGlobals) = postSolution
		SolutionGuid = {9E07EA27-174F-4445-876C-BFECE15831A1}
	EndGlobalSection
EndGlobal
