
Microsoft Visual Studio Solution File, Format Version 12.00
# Visual Studio Version 16
VisualStudioVersion = 16.0.30413.136
MinimumVisualStudioVersion = 10.0.40219.1
Project("{FAE04EC0-301F-11D3-BF4B-00C04F79EFBC}") = "SimpleWebApiWithAuth0", "SimpleWebApiWithAuth0\SimpleWebApiWithAuth0.csproj", "{D9B73B1F-BB42-499C-B49B-CF9AF0A7BF88}"
EndProject
Global
	GlobalSection(SolutionConfigurationPlatforms) = preSolution
		Debug|Any CPU = Debug|Any CPU
		Release|Any CPU = Release|Any CPU
	EndGlobalSection
	GlobalSection(ProjectConfigurationPlatforms) = postSolution
		{D9B73B1F-BB42-499C-B49B-CF9AF0A7BF88}.Debug|Any CPU.ActiveCfg = Debug|Any CPU
		{D9B73B1F-BB42-499C-B49B-CF9AF0A7BF88}.Debug|Any CPU.Build.0 = Debug|Any CPU
		{D9B73B1F-BB42-499C-B49B-CF9AF0A7BF88}.Release|Any CPU.ActiveCfg = Release|Any CPU
		{D9B73B1F-BB42-499C-B49B-CF9AF0A7BF88}.Release|Any CPU.Build.0 = Release|Any CPU
	EndGlobalSection
	GlobalSection(SolutionProperties) = preSolution
		HideSolutionNode = FALSE
	EndGlobalSection
	GlobalSection(ExtensibilityGlobals) = postSolution
		SolutionGuid = {CB6AEF97-91D7-4AC6-97C6-2015EB096448}
	EndGlobalSection
EndGlobal
