
Microsoft Visual Studio Solution File, Format Version 12.00
# Visual Studio Version 16
VisualStudioVersion = 16.0.30413.136
MinimumVisualStudioVersion = 10.0.40219.1
Project("{FAE04EC0-301F-11D3-BF4B-00C04F79EFBC}") = "Professors.BlazorWasm", "Professors.BlazorWasm\Professors.BlazorWasm.csproj", "{8EA607DA-C4D0-4858-AC13-5423D4F53909}"
EndProject
Global
	GlobalSection(SolutionConfigurationPlatforms) = preSolution
		Debug|Any CPU = Debug|Any CPU
		Release|Any CPU = Release|Any CPU
	EndGlobalSection
	GlobalSection(ProjectConfigurationPlatforms) = postSolution
		{8EA607DA-C4D0-4858-AC13-5423D4F53909}.Debug|Any CPU.ActiveCfg = Debug|Any CPU
		{8EA607DA-C4D0-4858-AC13-5423D4F53909}.Debug|Any CPU.Build.0 = Debug|Any CPU
		{8EA607DA-C4D0-4858-AC13-5423D4F53909}.Release|Any CPU.ActiveCfg = Release|Any CPU
		{8EA607DA-C4D0-4858-AC13-5423D4F53909}.Release|Any CPU.Build.0 = Release|Any CPU
	EndGlobalSection
	GlobalSection(SolutionProperties) = preSolution
		HideSolutionNode = FALSE
	EndGlobalSection
	GlobalSection(ExtensibilityGlobals) = postSolution
		SolutionGuid = {01DF418F-1DA3-4ABB-ADD7-183D1D1C063C}
	EndGlobalSection
EndGlobal
