
Microsoft Visual Studio Solution File, Format Version 12.00
# Visual Studio Version 16
VisualStudioVersion = 16.0.31702.278
MinimumVisualStudioVersion = 10.0.40219.1
Project("{9A19103F-16F7-4668-BE54-9A1E7A4F7556}") = "NumbersSignalRDemo", "NumbersSignalRDemo.csproj", "{67B48AB4-0269-41B3-AE15-35E034D6B048}"
EndProject
Project("{FAE04EC0-301F-11D3-BF4B-00C04F79EFBC}") = "NumbersGenerator", "..\NumbersGenerator\NumbersGenerator.csproj", "{2F6BC376-1583-4C92-A822-624658D3DC0A}"
EndProject
Global
	GlobalSection(SolutionConfigurationPlatforms) = preSolution
		Debug|Any CPU = Debug|Any CPU
		Release|Any CPU = Release|Any CPU
	EndGlobalSection
	GlobalSection(ProjectConfigurationPlatforms) = postSolution
		{67B48AB4-0269-41B3-AE15-35E034D6B048}.Debug|Any CPU.ActiveCfg = Debug|Any CPU
		{67B48AB4-0269-41B3-AE15-35E034D6B048}.Debug|Any CPU.Build.0 = Debug|Any CPU
		{67B48AB4-0269-41B3-AE15-35E034D6B048}.Release|Any CPU.ActiveCfg = Release|Any CPU
		{67B48AB4-0269-41B3-AE15-35E034D6B048}.Release|Any CPU.Build.0 = Release|Any CPU
		{2F6BC376-1583-4C92-A822-624658D3DC0A}.Debug|Any CPU.ActiveCfg = Debug|Any CPU
		{2F6BC376-1583-4C92-A822-624658D3DC0A}.Debug|Any CPU.Build.0 = Debug|Any CPU
		{2F6BC376-1583-4C92-A822-624658D3DC0A}.Release|Any CPU.ActiveCfg = Release|Any CPU
		{2F6BC376-1583-4C92-A822-624658D3DC0A}.Release|Any CPU.Build.0 = Release|Any CPU
	EndGlobalSection
	GlobalSection(SolutionProperties) = preSolution
		HideSolutionNode = FALSE
	EndGlobalSection
	GlobalSection(ExtensibilityGlobals) = postSolution
		SolutionGuid = {5F9629F1-033E-4544-A3D4-1347952D0A62}
	EndGlobalSection
EndGlobal
